
Microsoft Visual Studio Solution File, Format Version 12.00
# Visual Studio 15
VisualStudioVersion = 15.0.28010.2050
MinimumVisualStudioVersion = 10.0.40219.1
Project("{FAE04EC0-301F-11D3-BF4B-00C04F79EFBC}") = "trend-state", "trend-state.csproj", "{DC31BA56-1346-4A38-96A3-C3EAE21750C9}"
EndProject
Global
	GlobalSection(SolutionConfigurationPlatforms) = preSolution
		Debug|Any CPU = Debug|Any CPU
		Release|Any CPU = Release|Any CPU
	EndGlobalSection
	GlobalSection(ProjectConfigurationPlatforms) = postSolution
		{DC31BA56-1346-4A38-96A3-C3EAE21750C9}.Debug|Any CPU.ActiveCfg = Debug|Any CPU
		{DC31BA56-1346-4A38-96A3-C3EAE21750C9}.Debug|Any CPU.Build.0 = Debug|Any CPU
		{DC31BA56-1346-4A38-96A3-C3EAE21750C9}.Release|Any CPU.ActiveCfg = Release|Any CPU
		{DC31BA56-1346-4A38-96A3-C3EAE21750C9}.Release|Any CPU.Build.0 = Release|Any CPU
	EndGlobalSection
	GlobalSection(SolutionProperties) = preSolution
		HideSolutionNode = FALSE
	EndGlobalSection
	GlobalSection(ExtensibilityGlobals) = postSolution
		SolutionGuid = {FE6F944B-A972-4F6C-857C-0DB0B53223C7}
	EndGlobalSection
EndGlobal
